
Microsoft Visual Studio Solution File, Format Version 12.00
# Visual Studio Version 17
VisualStudioVersion = 17.0.32112.339
MinimumVisualStudioVersion = 10.0.40219.1
Project("{FAE04EC0-301F-11D3-BF4B-00C04F79EFBC}") = "AspNetCore_Vite_Starter", "AspNetCore_Vite_Starter\AspNetCore_Vite_Starter.csproj", "{E1015E75-E0D5-4FF2-A6DC-3ED97157B980}"
EndProject
Project("{9A19103F-16F7-4668-BE54-9A1E7A4F7556}") = "Net6_Controller_And_Vite", "Net6_Controller_And_Vite\Net6_Controller_And_Vite.csproj", "{886659EE-7419-4FA8-97E7-B7A8DD057B42}"
EndProject
Project("{9A19103F-16F7-4668-BE54-9A1E7A4F7556}") = "Net5_MVC_And_Vite", "Net5_MVC_And_Vite\Net5_MVC_And_Vite.csproj", "{D0B26760-EE4F-4729-A90C-84B3044ED5A0}"
EndProject
Project("{FAE04EC0-301F-11D3-BF4B-00C04F79EFBC}") = "Net6_MinimalAPI_And_Vite", "Net6_MinimalAPI_And_Vite\Net6_MinimalAPI_And_Vite.csproj", "{F5945EE4-BBF4-41FF-B7CE-4BC329D7A770}"
EndProject
Global
	GlobalSection(SolutionConfigurationPlatforms) = preSolution
		Debug|Any CPU = Debug|Any CPU
		Debug|x86 = Debug|x86
		Release|Any CPU = Release|Any CPU
		Release|x86 = Release|x86
	EndGlobalSection
	GlobalSection(ProjectConfigurationPlatforms) = postSolution
		{E1015E75-E0D5-4FF2-A6DC-3ED97157B980}.Debug|Any CPU.ActiveCfg = Debug|Any CPU
		{E1015E75-E0D5-4FF2-A6DC-3ED97157B980}.Debug|Any CPU.Build.0 = Debug|Any CPU
		{E1015E75-E0D5-4FF2-A6DC-3ED97157B980}.Debug|x86.ActiveCfg = Debug|x86
		{E1015E75-E0D5-4FF2-A6DC-3ED97157B980}.Debug|x86.Build.0 = Debug|x86
		{E1015E75-E0D5-4FF2-A6DC-3ED97157B980}.Release|Any CPU.ActiveCfg = Release|Any CPU
		{E1015E75-E0D5-4FF2-A6DC-3ED97157B980}.Release|Any CPU.Build.0 = Release|Any CPU
		{E1015E75-E0D5-4FF2-A6DC-3ED97157B980}.Release|x86.ActiveCfg = Release|x86
		{E1015E75-E0D5-4FF2-A6DC-3ED97157B980}.Release|x86.Build.0 = Release|x86
		{886659EE-7419-4FA8-97E7-B7A8DD057B42}.Debug|Any CPU.ActiveCfg = Debug|Any CPU
		{886659EE-7419-4FA8-97E7-B7A8DD057B42}.Debug|Any CPU.Build.0 = Debug|Any CPU
		{886659EE-7419-4FA8-97E7-B7A8DD057B42}.Debug|x86.ActiveCfg = Debug|Any CPU
		{886659EE-7419-4FA8-97E7-B7A8DD057B42}.Debug|x86.Build.0 = Debug|Any CPU
		{886659EE-7419-4FA8-97E7-B7A8DD057B42}.Release|Any CPU.ActiveCfg = Release|Any CPU
		{886659EE-7419-4FA8-97E7-B7A8DD057B42}.Release|Any CPU.Build.0 = Release|Any CPU
		{886659EE-7419-4FA8-97E7-B7A8DD057B42}.Release|x86.ActiveCfg = Release|Any CPU
		{886659EE-7419-4FA8-97E7-B7A8DD057B42}.Release|x86.Build.0 = Release|Any CPU
		{D0B26760-EE4F-4729-A90C-84B3044ED5A0}.Debug|Any CPU.ActiveCfg = Debug|Any CPU
		{D0B26760-EE4F-4729-A90C-84B3044ED5A0}.Debug|Any CPU.Build.0 = Debug|Any CPU
		{D0B26760-EE4F-4729-A90C-84B3044ED5A0}.Debug|x86.ActiveCfg = Debug|Any CPU
		{D0B26760-EE4F-4729-A90C-84B3044ED5A0}.Debug|x86.Build.0 = Debug|Any CPU
		{D0B26760-EE4F-4729-A90C-84B3044ED5A0}.Release|Any CPU.ActiveCfg = Release|Any CPU
		{D0B26760-EE4F-4729-A90C-84B3044ED5A0}.Release|Any CPU.Build.0 = Release|Any CPU
		{D0B26760-EE4F-4729-A90C-84B3044ED5A0}.Release|x86.ActiveCfg = Release|Any CPU
		{D0B26760-EE4F-4729-A90C-84B3044ED5A0}.Release|x86.Build.0 = Release|Any CPU
		{F5945EE4-BBF4-41FF-B7CE-4BC329D7A770}.Debug|Any CPU.ActiveCfg = Debug|Any CPU
		{F5945EE4-BBF4-41FF-B7CE-4BC329D7A770}.Debug|Any CPU.Build.0 = Debug|Any CPU
		{F5945EE4-BBF4-41FF-B7CE-4BC329D7A770}.Debug|x86.ActiveCfg = Debug|Any CPU
		{F5945EE4-BBF4-41FF-B7CE-4BC329D7A770}.Debug|x86.Build.0 = Debug|Any CPU
		{F5945EE4-BBF4-41FF-B7CE-4BC329D7A770}.Release|Any CPU.ActiveCfg = Release|Any CPU
		{F5945EE4-BBF4-41FF-B7CE-4BC329D7A770}.Release|Any CPU.Build.0 = Release|Any CPU
		{F5945EE4-BBF4-41FF-B7CE-4BC329D7A770}.Release|x86.ActiveCfg = Release|Any CPU
		{F5945EE4-BBF4-41FF-B7CE-4BC329D7A770}.Release|x86.Build.0 = Release|Any CPU
	EndGlobalSection
	GlobalSection(SolutionProperties) = preSolution
		HideSolutionNode = FALSE
	EndGlobalSection
	GlobalSection(ExtensibilityGlobals) = postSolution
		SolutionGuid = {90707CC3-264D-4072-B67C-7C6ADF8DE948}
	EndGlobalSection
EndGlobal
